// !$*UTF8*$!
{
	archiveVersion = 1;
	classes = {
	};
	objectVersion = 50;
	objects = {

/* Begin PBXBuildFile section */
		6A18D79C25E193CD00E1928B /* Detail.swift in Sources */ = {isa = PBXBuildFile; fileRef = 6A18D79B25E193CD00E1928B /* Detail.swift */; };
		6A18D79F25E1942300E1928B /* DetailBind.swift in Sources */ = {isa = PBXBuildFile; fileRef = 6A18D79E25E1942300E1928B /* DetailBind.swift */; };
		6A18D7AD25E1BF1200E1928B /* Main.storyboard in Resources */ = {isa = PBXBuildFile; fileRef = 6A18D7AC25E1BF1200E1928B /* Main.storyboard */; };
		6A18D7B125E1BF2400E1928B /* ViewController.swift in Sources */ = {isa = PBXBuildFile; fileRef = 6A18D7B025E1BF2400E1928B /* ViewController.swift */; };
		6A18D7B425E1BF6800E1928B /* SceneDelegate.swift in Sources */ = {isa = PBXBuildFile; fileRef = 6A18D7B325E1BF6800E1928B /* SceneDelegate.swift */; };
		6A18D7B725E1BF9500E1928B /* ContentView.swift in Sources */ = {isa = PBXBuildFile; fileRef = 6A18D7B625E1BF9500E1928B /* ContentView.swift */; };
		6A18D7CC25E2CC2600E1928B /* Loadig.swift in Sources */ = {isa = PBXBuildFile; fileRef = 6A18D7CB25E2CC2600E1928B /* Loadig.swift */; };
		6A30859225E12BD2002F5D7E /* AppDelegate.swift in Sources */ = {isa = PBXBuildFile; fileRef = 6A30859125E12BD2002F5D7E /* AppDelegate.swift */; };
		6A30859B25E12BD5002F5D7E /* Assets.xcassets in Resources */ = {isa = PBXBuildFile; fileRef = 6A30859A25E12BD5002F5D7E /* Assets.xcassets */; };
		6A30859E25E12BD5002F5D7E /* LaunchScreen.storyboard in Resources */ = {isa = PBXBuildFile; fileRef = 6A30859C25E12BD5002F5D7E /* LaunchScreen.storyboard */; };
		6A3085AC25E12C42002F5D7E /* Utils.swift in Sources */ = {isa = PBXBuildFile; fileRef = 6A3085AB25E12C42002F5D7E /* Utils.swift */; };
		6A3085B625E12C70002F5D7E /* ImageLoad.swift in Sources */ = {isa = PBXBuildFile; fileRef = 6A3085B525E12C70002F5D7E /* ImageLoad.swift */; };
		6A3085BA25E12C78002F5D7E /* MoviesService.swift in Sources */ = {isa = PBXBuildFile; fileRef = 6A3085B825E12C78002F5D7E /* MoviesService.swift */; };
		6A3085BB25E12C78002F5D7E /* MovieStore.swift in Sources */ = {isa = PBXBuildFile; fileRef = 6A3085B925E12C78002F5D7E /* MovieStore.swift */; };
		6A3085C225E12C89002F5D7E /* Movies.swift in Sources */ = {isa = PBXBuildFile; fileRef = 6A3085C025E12C89002F5D7E /* Movies.swift */; };
		6A3085C325E12C89002F5D7E /* MovieStub.swift in Sources */ = {isa = PBXBuildFile; fileRef = 6A3085C125E12C89002F5D7E /* MovieStub.swift */; };
		6A8482C325E138E40073A1AB /* MoviePoster.swift in Sources */ = {isa = PBXBuildFile; fileRef = 6A8482C225E138E40073A1AB /* MoviePoster.swift */; };
		6A8482C625E148EC0073A1AB /* PosterCarousel.swift in Sources */ = {isa = PBXBuildFile; fileRef = 6A8482C525E148EC0073A1AB /* PosterCarousel.swift */; };
		6A8482C925E14CD60073A1AB /* MovieListView.swift in Sources */ = {isa = PBXBuildFile; fileRef = 6A8482C825E14CD60073A1AB /* MovieListView.swift */; };
		6A8482CC25E14CF60073A1AB /* MovieListBind.swift in Sources */ = {isa = PBXBuildFile; fileRef = 6A8482CB25E14CF60073A1AB /* MovieListBind.swift */; };
		6A8482D725E151090073A1AB /* ActivityIndicatorView.swift in Sources */ = {isa = PBXBuildFile; fileRef = 6A8482D625E151090073A1AB /* ActivityIndicatorView.swift */; };
/* End PBXBuildFile section */

/* Begin PBXFileReference section */
		6A18D79B25E193CD00E1928B /* Detail.swift */ = {isa = PBXFileReference; lastKnownFileType = sourcecode.swift; path = Detail.swift; sourceTree = "<group>"; };
		6A18D79E25E1942300E1928B /* DetailBind.swift */ = {isa = PBXFileReference; lastKnownFileType = sourcecode.swift; path = DetailBind.swift; sourceTree = "<group>"; };
		6A18D7AC25E1BF1200E1928B /* Main.storyboard */ = {isa = PBXFileReference; fileEncoding = 4; lastKnownFileType = file.storyboard; path = Main.storyboard; sourceTree = "<group>"; };
		6A18D7B025E1BF2400E1928B /* ViewController.swift */ = {isa = PBXFileReference; fileEncoding = 4; lastKnownFileType = sourcecode.swift; path = ViewController.swift; sourceTree = "<group>"; };
		6A18D7B325E1BF6800E1928B /* SceneDelegate.swift */ = {isa = PBXFileReference; fileEncoding = 4; lastKnownFileType = sourcecode.swift; path = SceneDelegate.swift; sourceTree = "<group>"; };
		6A18D7B625E1BF9500E1928B /* ContentView.swift */ = {isa = PBXFileReference; fileEncoding = 4; lastKnownFileType = sourcecode.swift; path = ContentView.swift; sourceTree = "<group>"; };
		6A18D7CB25E2CC2600E1928B /* Loadig.swift */ = {isa = PBXFileReference; fileEncoding = 4; lastKnownFileType = sourcecode.swift; path = Loadig.swift; sourceTree = "<group>"; };
		6A30858E25E12BD2002F5D7E /* TurkcellFinal.app */ = {isa = PBXFileReference; explicitFileType = wrapper.application; includeInIndex = 0; path = TurkcellFinal.app; sourceTree = BUILT_PRODUCTS_DIR; };
		6A30859125E12BD2002F5D7E /* AppDelegate.swift */ = {isa = PBXFileReference; lastKnownFileType = sourcecode.swift; path = AppDelegate.swift; sourceTree = "<group>"; };
		6A30859A25E12BD5002F5D7E /* Assets.xcassets */ = {isa = PBXFileReference; lastKnownFileType = folder.assetcatalog; path = Assets.xcassets; sourceTree = "<group>"; };
		6A30859D25E12BD5002F5D7E /* Base */ = {isa = PBXFileReference; lastKnownFileType = file.storyboard; name = Base; path = Base.lproj/LaunchScreen.storyboard; sourceTree = "<group>"; };
		6A30859F25E12BD5002F5D7E /* Info.plist */ = {isa = PBXFileReference; lastKnownFileType = text.plist.xml; path = Info.plist; sourceTree = "<group>"; };
		6A3085AB25E12C42002F5D7E /* Utils.swift */ = {isa = PBXFileReference; lastKnownFileType = sourcecode.swift; path = Utils.swift; sourceTree = "<group>"; };
		6A3085B525E12C70002F5D7E /* ImageLoad.swift */ = {isa = PBXFileReference; fileEncoding = 4; lastKnownFileType = sourcecode.swift; path = ImageLoad.swift; sourceTree = "<group>"; };
		6A3085B825E12C78002F5D7E /* MoviesService.swift */ = {isa = PBXFileReference; fileEncoding = 4; lastKnownFileType = sourcecode.swift; path = MoviesService.swift; sourceTree = "<group>"; };
		6A3085B925E12C78002F5D7E /* MovieStore.swift */ = {isa = PBXFileReference; fileEncoding = 4; lastKnownFileType = sourcecode.swift; path = MovieStore.swift; sourceTree = "<group>"; };
		6A3085C025E12C89002F5D7E /* Movies.swift */ = {isa = PBXFileReference; fileEncoding = 4; lastKnownFileType = sourcecode.swift; path = Movies.swift; sourceTree = "<group>"; };
		6A3085C125E12C89002F5D7E /* MovieStub.swift */ = {isa = PBXFileReference; fileEncoding = 4; lastKnownFileType = sourcecode.swift; path = MovieStub.swift; sourceTree = "<group>"; };
		6A8482C225E138E40073A1AB /* MoviePoster.swift */ = {isa = PBXFileReference; lastKnownFileType = sourcecode.swift; path = MoviePoster.swift; sourceTree = "<group>"; };
		6A8482C525E148EC0073A1AB /* PosterCarousel.swift */ = {isa = PBXFileReference; lastKnownFileType = sourcecode.swift; path = PosterCarousel.swift; sourceTree = "<group>"; };
		6A8482C825E14CD60073A1AB /* MovieListView.swift */ = {isa = PBXFileReference; lastKnownFileType = sourcecode.swift; path = MovieListView.swift; sourceTree = "<group>"; };
		6A8482CB25E14CF60073A1AB /* MovieListBind.swift */ = {isa = PBXFileReference; lastKnownFileType = sourcecode.swift; path = MovieListBind.swift; sourceTree = "<group>"; };
		6A8482D625E151090073A1AB /* ActivityIndicatorView.swift */ = {isa = PBXFileReference; lastKnownFileType = sourcecode.swift; path = ActivityIndicatorView.swift; sourceTree = "<group>"; };
/* End PBXFileReference section */

/* Begin PBXFrameworksBuildPhase section */
		6A30858B25E12BD2002F5D7E /* Frameworks */ = {
			isa = PBXFrameworksBuildPhase;
			buildActionMask = 2147483647;
			files = (
			);
			runOnlyForDeploymentPostprocessing = 0;
		};
/* End PBXFrameworksBuildPhase section */

/* Begin PBXGroup section */
		6A30858525E12BD2002F5D7E = {
			isa = PBXGroup;
			children = (
				6A30859025E12BD2002F5D7E /* TurkcellFinal */,
				6A30858F25E12BD2002F5D7E /* Products */,
			);
			sourceTree = "<group>";
		};
		6A30858F25E12BD2002F5D7E /* Products */ = {
			isa = PBXGroup;
			children = (
				6A30858E25E12BD2002F5D7E /* TurkcellFinal.app */,
			);
			name = Products;
			sourceTree = "<group>";
		};
		6A30859025E12BD2002F5D7E /* TurkcellFinal */ = {
			isa = PBXGroup;
			children = (
				6A3085AA25E12C24002F5D7E /* Models */,
				6A3085A925E12C19002F5D7E /* Services */,
				6A3085A825E12C05002F5D7E /* Views */,
				6A3085A625E12BEA002F5D7E /* Bridge */,
				6A30859125E12BD2002F5D7E /* AppDelegate.swift */,
				6A18D7B625E1BF9500E1928B /* ContentView.swift */,
				6A18D7B325E1BF6800E1928B /* SceneDelegate.swift */,
				6A18D7B025E1BF2400E1928B /* ViewController.swift */,
				6A30859A25E12BD5002F5D7E /* Assets.xcassets */,
				6A30859C25E12BD5002F5D7E /* LaunchScreen.storyboard */,
				6A30859F25E12BD5002F5D7E /* Info.plist */,
				6A18D7AC25E1BF1200E1928B /* Main.storyboard */,
				6A3085AB25E12C42002F5D7E /* Utils.swift */,
			);
			path = TurkcellFinal;
			sourceTree = "<group>";
		};
		6A3085A625E12BEA002F5D7E /* Bridge */ = {
			isa = PBXGroup;
			children = (
				6A3085B525E12C70002F5D7E /* ImageLoad.swift */,
				6A8482CB25E14CF60073A1AB /* MovieListBind.swift */,
				6A18D79E25E1942300E1928B /* DetailBind.swift */,
			);
			path = Bridge;
			sourceTree = "<group>";
		};
		6A3085A825E12C05002F5D7E /* Views */ = {
			isa = PBXGroup;
			children = (
				6A8482D125E150CF0073A1AB /* UIKitView */,
				6A8482C225E138E40073A1AB /* MoviePoster.swift */,
				6A18D7CB25E2CC2600E1928B /* Loadig.swift */,
				6A8482C525E148EC0073A1AB /* PosterCarousel.swift */,
				6A8482C825E14CD60073A1AB /* MovieListView.swift */,
				6A18D79B25E193CD00E1928B /* Detail.swift */,
			);
			path = Views;
			sourceTree = "<group>";
		};
		6A3085A925E12C19002F5D7E /* Services */ = {
			isa = PBXGroup;
			children = (
				6A3085B825E12C78002F5D7E /* MoviesService.swift */,
				6A3085B925E12C78002F5D7E /* MovieStore.swift */,
			);
			path = Services;
			sourceTree = "<group>";
		};
		6A3085AA25E12C24002F5D7E /* Models */ = {
			isa = PBXGroup;
			children = (
				6A3085C025E12C89002F5D7E /* Movies.swift */,
				6A3085C125E12C89002F5D7E /* MovieStub.swift */,
			);
			path = Models;
			sourceTree = "<group>";
		};
		6A8482D125E150CF0073A1AB /* UIKitView */ = {
			isa = PBXGroup;
			children = (
				6A8482D625E151090073A1AB /* ActivityIndicatorView.swift */,
			);
			path = UIKitView;
			sourceTree = "<group>";
		};
/* End PBXGroup section */

/* Begin PBXNativeTarget section */
		6A30858D25E12BD2002F5D7E /* TurkcellFinal */ = {
			isa = PBXNativeTarget;
			buildConfigurationList = 6A3085A225E12BD5002F5D7E /* Build configuration list for PBXNativeTarget "TurkcellFinal" */;
			buildPhases = (
				6A30858A25E12BD2002F5D7E /* Sources */,
				6A30858B25E12BD2002F5D7E /* Frameworks */,
				6A30858C25E12BD2002F5D7E /* Resources */,
			);
			buildRules = (
			);
			dependencies = (
			);
			name = TurkcellFinal;
			productName = TurkcellFinal;
			productReference = 6A30858E25E12BD2002F5D7E /* TurkcellFinal.app */;
			productType = "com.apple.product-type.application";
		};
/* End PBXNativeTarget section */

/* Begin PBXProject section */
		6A30858625E12BD2002F5D7E /* Project object */ = {
			isa = PBXProject;
			attributes = {
				LastSwiftUpdateCheck = 1230;
				LastUpgradeCheck = 1230;
				TargetAttributes = {
					6A30858D25E12BD2002F5D7E = {
						CreatedOnToolsVersion = 12.3;
					};
				};
			};
			buildConfigurationList = 6A30858925E12BD2002F5D7E /* Build configuration list for PBXProject "TurkcellFinal" */;
			compatibilityVersion = "Xcode 9.3";
			developmentRegion = en;
			hasScannedForEncodings = 0;
			knownRegions = (
				en,
				Base,
			);
			mainGroup = 6A30858525E12BD2002F5D7E;
			productRefGroup = 6A30858F25E12BD2002F5D7E /* Products */;
			projectDirPath = "";
			projectRoot = "";
			targets = (
				6A30858D25E12BD2002F5D7E /* TurkcellFinal */,
			);
		};
/* End PBXProject section */

/* Begin PBXResourcesBuildPhase section */
		6A30858C25E12BD2002F5D7E /* Resources */ = {
			isa = PBXResourcesBuildPhase;
			buildActionMask = 2147483647;
			files = (
				6A30859E25E12BD5002F5D7E /* LaunchScreen.storyboard in Resources */,
				6A18D7AD25E1BF1200E1928B /* Main.storyboard in Resources */,
				6A30859B25E12BD5002F5D7E /* Assets.xcassets in Resources */,
			);
			runOnlyForDeploymentPostprocessing = 0;
		};
/* End PBXResourcesBuildPhase section */

/* Begin PBXSourcesBuildPhase section */
		6A30858A25E12BD2002F5D7E /* Sources */ = {
			isa = PBXSourcesBuildPhase;
			buildActionMask = 2147483647;
			files = (
				6A8482C925E14CD60073A1AB /* MovieListView.swift in Sources */,
				6A18D7CC25E2CC2600E1928B /* Loadig.swift in Sources */,
				6A18D79C25E193CD00E1928B /* Detail.swift in Sources */,
				6A30859225E12BD2002F5D7E /* AppDelegate.swift in Sources */,
				6A8482CC25E14CF60073A1AB /* MovieListBind.swift in Sources */,
				6A3085C325E12C89002F5D7E /* MovieStub.swift in Sources */,
				6A18D7B725E1BF9500E1928B /* ContentView.swift in Sources */,
				6A3085BA25E12C78002F5D7E /* MoviesService.swift in Sources */,
				6A8482C325E138E40073A1AB /* MoviePoster.swift in Sources */,
				6A3085C225E12C89002F5D7E /* Movies.swift in Sources */,
				6A18D79F25E1942300E1928B /* DetailBind.swift in Sources */,
				6A18D7B125E1BF2400E1928B /* ViewController.swift in Sources */,
				6A3085AC25E12C42002F5D7E /* Utils.swift in Sources */,
				6A8482C625E148EC0073A1AB /* PosterCarousel.swift in Sources */,
				6A3085B625E12C70002F5D7E /* ImageLoad.swift in Sources */,
				6A18D7B425E1BF6800E1928B /* SceneDelegate.swift in Sources */,
				6A3085BB25E12C78002F5D7E /* MovieStore.swift in Sources */,
				6A8482D725E151090073A1AB /* ActivityIndicatorView.swift in Sources */,
			);
			runOnlyForDeploymentPostprocessing = 0;
		};
/* End PBXSourcesBuildPhase section */

/* Begin PBXVariantGroup section */
		6A30859C25E12BD5002F5D7E /* LaunchScreen.storyboard */ = {
			isa = PBXVariantGroup;
			children = (
				6A30859D25E12BD5002F5D7E /* Base */,
			);
			name = LaunchScreen.storyboard;
			sourceTree = "<group>";
		};
/* End PBXVariantGroup section */

/* Begin XCBuildConfiguration section */
		6A3085A025E12BD5002F5D7E /* Debug */ = {
			isa = XCBuildConfiguration;
			buildSettings = {
				ALWAYS_SEARCH_USER_PATHS = NO;
				CLANG_ANALYZER_NONNULL = YES;
				CLANG_ANALYZER_NUMBER_OBJECT_CONVERSION = YES_AGGRESSIVE;
				CLANG_CXX_LANGUAGE_STANDARD = "gnu++14";
				CLANG_CXX_LIBRARY = "libc++";
				CLANG_ENABLE_MODULES = YES;
				CLANG_ENABLE_OBJC_ARC = YES;
				CLANG_ENABLE_OBJC_WEAK = YES;
				CLANG_WARN_BLOCK_CAPTURE_AUTORELEASING = YES;
				CLANG_WARN_BOOL_CONVERSION = YES;
				CLANG_WARN_COMMA = YES;
				CLANG_WARN_CONSTANT_CONVERSION = YES;
				CLANG_WARN_DEPRECATED_OBJC_IMPLEMENTATIONS = YES;
				CLANG_WARN_DIRECT_OBJC_ISA_USAGE = YES_ERROR;
				CLANG_WARN_DOCUMENTATION_COMMENTS = YES;
				CLANG_WARN_EMPTY_BODY = YES;
				CLANG_WARN_ENUM_CONVERSION = YES;
				CLANG_WARN_INFINITE_RECURSION = YES;
				CLANG_WARN_INT_CONVERSION = YES;
				CLANG_WARN_NON_LITERAL_NULL_CONVERSION = YES;
				CLANG_WARN_OBJC_IMPLICIT_RETAIN_SELF = YES;
				CLANG_WARN_OBJC_LITERAL_CONVERSION = YES;
				CLANG_WARN_OBJC_ROOT_CLASS = YES_ERROR;
				CLANG_WARN_QUOTED_INCLUDE_IN_FRAMEWORK_HEADER = YES;
				CLANG_WARN_RANGE_LOOP_ANALYSIS = YES;
				CLANG_WARN_STRICT_PROTOTYPES = YES;
				CLANG_WARN_SUSPICIOUS_MOVE = YES;
				CLANG_WARN_UNGUARDED_AVAILABILITY = YES_AGGRESSIVE;
				CLANG_WARN_UNREACHABLE_CODE = YES;
				CLANG_WARN__DUPLICATE_METHOD_MATCH = YES;
				COPY_PHASE_STRIP = NO;
				DEBUG_INFORMATION_FORMAT = dwarf;
				ENABLE_STRICT_OBJC_MSGSEND = YES;
				ENABLE_TESTABILITY = YES;
				GCC_C_LANGUAGE_STANDARD = gnu11;
				GCC_DYNAMIC_NO_PIC = NO;
				GCC_NO_COMMON_BLOCKS = YES;
				GCC_OPTIMIZATION_LEVEL = 0;
				GCC_PREPROCESSOR_DEFINITIONS = (
					"DEBUG=1",
					"$(inherited)",
				);
				GCC_WARN_64_TO_32_BIT_CONVERSION = YES;
				GCC_WARN_ABOUT_RETURN_TYPE = YES_ERROR;
				GCC_WARN_UNDECLARED_SELECTOR = YES;
				GCC_WARN_UNINITIALIZED_AUTOS = YES_AGGRESSIVE;
				GCC_WARN_UNUSED_FUNCTION = YES;
				GCC_WARN_UNUSED_VARIABLE = YES;
				IPHONEOS_DEPLOYMENT_TARGET = 14.3;
				MTL_ENABLE_DEBUG_INFO = INCLUDE_SOURCE;
				MTL_FAST_MATH = YES;
				ONLY_ACTIVE_ARCH = YES;
				SDKROOT = iphoneos;
				SWIFT_ACTIVE_COMPILATION_CONDITIONS = DEBUG;
				SWIFT_OPTIMIZATION_LEVEL = "-Onone";
			};
			name = Debug;
		};
		6A3085A125E12BD5002F5D7E /* Release */ = {
			isa = XCBuildConfiguration;
			buildSettings = {
				ALWAYS_SEARCH_USER_PATHS = NO;
				CLANG_ANALYZER_NONNULL = YES;
				CLANG_ANALYZER_NUMBER_OBJECT_CONVERSION = YES_AGGRESSIVE;
				CLANG_CXX_LANGUAGE_STANDARD = "gnu++14";
				CLANG_CXX_LIBRARY = "libc++";
				CLANG_ENABLE_MODULES = YES;
				CLANG_ENABLE_OBJC_ARC = YES;
				CLANG_ENABLE_OBJC_WEAK = YES;
				CLANG_WARN_BLOCK_CAPTURE_AUTORELEASING = YES;
				CLANG_WARN_BOOL_CONVERSION = YES;
				CLANG_WARN_COMMA = YES;
				CLANG_WARN_CONSTANT_CONVERSION = YES;
				CLANG_WARN_DEPRECATED_OBJC_IMPLEMENTATIONS = YES;
				CLANG_WARN_DIRECT_OBJC_ISA_USAGE = YES_ERROR;
				CLANG_WARN_DOCUMENTATION_COMMENTS = YES;
				CLANG_WARN_EMPTY_BODY = YES;
				CLANG_WARN_ENUM_CONVERSION = YES;
				CLANG_WARN_INFINITE_RECURSION = YES;
				CLANG_WARN_INT_CONVERSION = YES;
				CLANG_WARN_NON_LITERAL_NULL_CONVERSION = YES;
				CLANG_WARN_OBJC_IMPLICIT_RETAIN_SELF = YES;
				CLANG_WARN_OBJC_LITERAL_CONVERSION = YES;
				CLANG_WARN_OBJC_ROOT_CLASS = YES_ERROR;
				CLANG_WARN_QUOTED_INCLUDE_IN_FRAMEWORK_HEADER = YES;
				CLANG_WARN_RANGE_LOOP_ANALYSIS = YES;
				CLANG_WARN_STRICT_PROTOTYPES = YES;
				CLANG_WARN_SUSPICIOUS_MOVE = YES;
				CLANG_WARN_UNGUARDED_AVAILABILITY = YES_AGGRESSIVE;
				CLANG_WARN_UNREACHABLE_CODE = YES;
				CLANG_WARN__DUPLICATE_METHOD_MATCH = YES;
				COPY_PHASE_STRIP = NO;
				DEBUG_INFORMATION_FORMAT = "dwarf-with-dsym";
				ENABLE_NS_ASSERTIONS = NO;
				ENABLE_STRICT_OBJC_MSGSEND = YES;
				GCC_C_LANGUAGE_STANDARD = gnu11;
				GCC_NO_COMMON_BLOCKS = YES;
				GCC_WARN_64_TO_32_BIT_CONVERSION = YES;
				GCC_WARN_ABOUT_RETURN_TYPE = YES_ERROR;
				GCC_WARN_UNDECLARED_SELECTOR = YES;
				GCC_WARN_UNINITIALIZED_AUTOS = YES_AGGRESSIVE;
				GCC_WARN_UNUSED_FUNCTION = YES;
				GCC_WARN_UNUSED_VARIABLE = YES;
				IPHONEOS_DEPLOYMENT_TARGET = 14.3;
				MTL_ENABLE_DEBUG_INFO = NO;
				MTL_FAST_MATH = YES;
				SDKROOT = iphoneos;
				SWIFT_COMPILATION_MODE = wholemodule;
				SWIFT_OPTIMIZATION_LEVEL = "-O";
				VALIDATE_PRODUCT = YES;
			};
			name = Release;
		};
		6A3085A325E12BD5002F5D7E /* Debug */ = {
			isa = XCBuildConfiguration;
			buildSettings = {
				ASSETCATALOG_COMPILER_APPICON_NAME = AppIcon;
				ASSETCATALOG_COMPILER_GLOBAL_ACCENT_COLOR_NAME = AccentColor;
				CODE_SIGN_STYLE = Automatic;
				DEVELOPMENT_TEAM = 3Y5T7B23R9;
				INFOPLIST_FILE = TurkcellFinal/Info.plist;
				LD_RUNPATH_SEARCH_PATHS = (
					"$(inherited)",
					"@executable_path/Frameworks",
				);
				PRODUCT_BUNDLE_IDENTIFIER = com.selin.TurkcellFinal;
				PRODUCT_NAME = "$(TARGET_NAME)";
				SWIFT_VERSION = 5.0;
				TARGETED_DEVICE_FAMILY = "1,2";
			};
			name = Debug;
		};
		6A3085A425E12BD5002F5D7E /* Release */ = {
			isa = XCBuildConfiguration;
			buildSettings = {
				ASSETCATALOG_COMPILER_APPICON_NAME = AppIcon;
				ASSETCATALOG_COMPILER_GLOBAL_ACCENT_COLOR_NAME = AccentColor;
				CODE_SIGN_STYLE = Automatic;
				DEVELOPMENT_TEAM = 3Y5T7B23R9;
				INFOPLIST_FILE = TurkcellFinal/Info.plist;
				LD_RUNPATH_SEARCH_PATHS = (
					"$(inherited)",
					"@executable_path/Frameworks",
				);
				PRODUCT_BUNDLE_IDENTIFIER = com.selin.TurkcellFinal;
				PRODUCT_NAME = "$(TARGET_NAME)";
				SWIFT_VERSION = 5.0;
				TARGETED_DEVICE_FAMILY = "1,2";
			};
			name = Release;
		};
/* End XCBuildConfiguration section */

/* Begin XCConfigurationList section */
		6A30858925E12BD2002F5D7E /* Build configuration list for PBXProject "TurkcellFinal" */ = {
			isa = XCConfigurationList;
			buildConfigurations = (
				6A3085A025E12BD5002F5D7E /* Debug */,
				6A3085A125E12BD5002F5D7E /* Release */,
			);
			defaultConfigurationIsVisible = 0;
			defaultConfigurationName = Release;
		};
		6A3085A225E12BD5002F5D7E /* Build configuration list for PBXNativeTarget "TurkcellFinal" */ = {
			isa = XCConfigurationList;
			buildConfigurations = (
				6A3085A325E12BD5002F5D7E /* Debug */,
				6A3085A425E12BD5002F5D7E /* Release */,
			);
			defaultConfigurationIsVisible = 0;
			defaultConfigurationName = Release;
		};
/* End XCConfigurationList section */
	};
	rootObject = 6A30858625E12BD2002F5D7E /* Project object */;
}
